
Microsoft Visual Studio Solution File, Format Version 12.00
# Visual Studio 2012
Project("{F2A71F9B-5D33-465A-A702-920D77279786}") = "GeneticAlgorithms.Engine", "GeneticAlgorithms.Engine\GeneticAlgorithms.Engine.fsproj", "{97941E0C-048A-47C5-AC26-8A4B8CF40541}"
EndProject
Project("{F2A71F9B-5D33-465A-A702-920D77279786}") = "GeneticAlgorithms.Example.Strings", "GeneticAlgorithms.Example.Strings\GeneticAlgorithms.Example.Strings.fsproj", "{B608BC16-67F0-4E7A-AB36-0C917EEEB950}"
EndProject
Project("{F2A71F9B-5D33-465A-A702-920D77279786}") = "GeneticAlgorithms.Sandbox", "GeneticAlgorithms.Sandbox\GeneticAlgorithms.Sandbox.fsproj", "{77786E58-72C1-4CA7-A684-894F5168DB5E}"
EndProject
Global
	GlobalSection(SolutionConfigurationPlatforms) = preSolution
		Debug|Any CPU = Debug|Any CPU
		Release|Any CPU = Release|Any CPU
	EndGlobalSection
	GlobalSection(ProjectConfigurationPlatforms) = postSolution
		{77786E58-72C1-4CA7-A684-894F5168DB5E}.Debug|Any CPU.ActiveCfg = Debug|Any CPU
		{77786E58-72C1-4CA7-A684-894F5168DB5E}.Debug|Any CPU.Build.0 = Debug|Any CPU
		{77786E58-72C1-4CA7-A684-894F5168DB5E}.Release|Any CPU.ActiveCfg = Release|Any CPU
		{77786E58-72C1-4CA7-A684-894F5168DB5E}.Release|Any CPU.Build.0 = Release|Any CPU
		{97941E0C-048A-47C5-AC26-8A4B8CF40541}.Debug|Any CPU.ActiveCfg = Debug|Any CPU
		{97941E0C-048A-47C5-AC26-8A4B8CF40541}.Debug|Any CPU.Build.0 = Debug|Any CPU
		{97941E0C-048A-47C5-AC26-8A4B8CF40541}.Release|Any CPU.ActiveCfg = Release|Any CPU
		{97941E0C-048A-47C5-AC26-8A4B8CF40541}.Release|Any CPU.Build.0 = Release|Any CPU
		{B608BC16-67F0-4E7A-AB36-0C917EEEB950}.Debug|Any CPU.ActiveCfg = Debug|Any CPU
		{B608BC16-67F0-4E7A-AB36-0C917EEEB950}.Debug|Any CPU.Build.0 = Debug|Any CPU
		{B608BC16-67F0-4E7A-AB36-0C917EEEB950}.Release|Any CPU.ActiveCfg = Release|Any CPU
		{B608BC16-67F0-4E7A-AB36-0C917EEEB950}.Release|Any CPU.Build.0 = Release|Any CPU
	EndGlobalSection
	GlobalSection(SolutionProperties) = preSolution
		HideSolutionNode = FALSE
	EndGlobalSection
EndGlobal
